
Microsoft Visual Studio Solution File, Format Version 12.00
# Visual Studio Version 16
VisualStudioVersion = 16.0.29806.167
MinimumVisualStudioVersion = 10.0.40219.1
Project("{9A19103F-16F7-4668-BE54-9A1E7A4F7556}") = "ApiGateway", "ApiGateway\ApiGateway.csproj", "{CE2583E8-B30A-4638-A854-56328F21F70A}"
EndProject
Project("{9A19103F-16F7-4668-BE54-9A1E7A4F7556}") = "ClassificationService", "ClassificationService\ClassificationService.csproj", "{1BA25262-21B1-4FF7-8370-EEC0D9B50C8B}"
EndProject
Project("{9A19103F-16F7-4668-BE54-9A1E7A4F7556}") = "NotificationService", "NotificationService\NotificationService.csproj", "{EC6DB903-5DEC-4CC9-BF78-8C8F9FACCAA4}"
EndProject
Project("{9A19103F-16F7-4668-BE54-9A1E7A4F7556}") = "UserService", "UserService\UserService.csproj", "{1D5917D7-A4C0-4E5D-903B-19FD87380EB4}"
EndProject
Project("{9A19103F-16F7-4668-BE54-9A1E7A4F7556}") = "ClientService", "ClientService\ClientService.csproj", "{AF4194BC-2D4D-4C71-B2B1-C773B3ACABB0}"
EndProject
Project("{FAE04EC0-301F-11D3-BF4B-00C04F79EFBC}") = "AuthService", "AuthService\AuthService.csproj", "{20E1E0E5-41B0-410F-B7DD-EEE83D550B44}"
EndProject
Project("{FAE04EC0-301F-11D3-BF4B-00C04F79EFBC}") = "Services.Domain", "Services.Domain\Services.Domain.csproj", "{738C4B0A-64C3-4DF1-9618-7A2C138F9521}"
EndProject
Global
	GlobalSection(SolutionConfigurationPlatforms) = preSolution
		Debug|Any CPU = Debug|Any CPU
		Release|Any CPU = Release|Any CPU
	EndGlobalSection
	GlobalSection(ProjectConfigurationPlatforms) = postSolution
		{CE2583E8-B30A-4638-A854-56328F21F70A}.Debug|Any CPU.ActiveCfg = Debug|Any CPU
		{CE2583E8-B30A-4638-A854-56328F21F70A}.Debug|Any CPU.Build.0 = Debug|Any CPU
		{CE2583E8-B30A-4638-A854-56328F21F70A}.Release|Any CPU.ActiveCfg = Release|Any CPU
		{CE2583E8-B30A-4638-A854-56328F21F70A}.Release|Any CPU.Build.0 = Release|Any CPU
		{1BA25262-21B1-4FF7-8370-EEC0D9B50C8B}.Debug|Any CPU.ActiveCfg = Debug|Any CPU
		{1BA25262-21B1-4FF7-8370-EEC0D9B50C8B}.Debug|Any CPU.Build.0 = Debug|Any CPU
		{1BA25262-21B1-4FF7-8370-EEC0D9B50C8B}.Release|Any CPU.ActiveCfg = Release|Any CPU
		{1BA25262-21B1-4FF7-8370-EEC0D9B50C8B}.Release|Any CPU.Build.0 = Release|Any CPU
		{EC6DB903-5DEC-4CC9-BF78-8C8F9FACCAA4}.Debug|Any CPU.ActiveCfg = Debug|Any CPU
		{EC6DB903-5DEC-4CC9-BF78-8C8F9FACCAA4}.Debug|Any CPU.Build.0 = Debug|Any CPU
		{EC6DB903-5DEC-4CC9-BF78-8C8F9FACCAA4}.Release|Any CPU.ActiveCfg = Release|Any CPU
		{EC6DB903-5DEC-4CC9-BF78-8C8F9FACCAA4}.Release|Any CPU.Build.0 = Release|Any CPU
		{1D5917D7-A4C0-4E5D-903B-19FD87380EB4}.Debug|Any CPU.ActiveCfg = Debug|Any CPU
		{1D5917D7-A4C0-4E5D-903B-19FD87380EB4}.Debug|Any CPU.Build.0 = Debug|Any CPU
		{1D5917D7-A4C0-4E5D-903B-19FD87380EB4}.Release|Any CPU.ActiveCfg = Release|Any CPU
		{1D5917D7-A4C0-4E5D-903B-19FD87380EB4}.Release|Any CPU.Build.0 = Release|Any CPU
		{AF4194BC-2D4D-4C71-B2B1-C773B3ACABB0}.Debug|Any CPU.ActiveCfg = Debug|Any CPU
		{AF4194BC-2D4D-4C71-B2B1-C773B3ACABB0}.Debug|Any CPU.Build.0 = Debug|Any CPU
		{AF4194BC-2D4D-4C71-B2B1-C773B3ACABB0}.Release|Any CPU.ActiveCfg = Release|Any CPU
		{AF4194BC-2D4D-4C71-B2B1-C773B3ACABB0}.Release|Any CPU.Build.0 = Release|Any CPU
		{20E1E0E5-41B0-410F-B7DD-EEE83D550B44}.Debug|Any CPU.ActiveCfg = Debug|Any CPU
		{20E1E0E5-41B0-410F-B7DD-EEE83D550B44}.Debug|Any CPU.Build.0 = Debug|Any CPU
		{20E1E0E5-41B0-410F-B7DD-EEE83D550B44}.Release|Any CPU.ActiveCfg = Release|Any CPU
		{20E1E0E5-41B0-410F-B7DD-EEE83D550B44}.Release|Any CPU.Build.0 = Release|Any CPU
		{738C4B0A-64C3-4DF1-9618-7A2C138F9521}.Debug|Any CPU.ActiveCfg = Debug|Any CPU
		{738C4B0A-64C3-4DF1-9618-7A2C138F9521}.Debug|Any CPU.Build.0 = Debug|Any CPU
		{738C4B0A-64C3-4DF1-9618-7A2C138F9521}.Release|Any CPU.ActiveCfg = Release|Any CPU
		{738C4B0A-64C3-4DF1-9618-7A2C138F9521}.Release|Any CPU.Build.0 = Release|Any CPU
	EndGlobalSection
	GlobalSection(SolutionProperties) = preSolution
		HideSolutionNode = FALSE
	EndGlobalSection
	GlobalSection(ExtensibilityGlobals) = postSolution
		SolutionGuid = {E7CB6606-4C74-453D-B391-3D00F599FF58}
	EndGlobalSection
EndGlobal
